<Solution>
  <Folder Name="/docs/">
    <Project Path="V:/Work/CdCSharp/Projects/BlazorUI/docs/CdCSharp.BlazorUI.Docs.Wasm/CdCSharp.BlazorUI.Docs.Wasm.csproj" Id="7a2e7f75-7eda-4b3d-8713-23ea7d782850" />
  </Folder>
  <Folder Name="/samples/">
    <Project Path="V:/Work/CdCSharp/Projects/BlazorUI/samples/CdCSharp.BlazorUI.AppTest.Server/CdCSharp.BlazorUI.AppTest.Server.csproj" Id="19549f36-c2d2-4f32-81d7-8e3c940b0436" />
    <Project Path="V:/Work/CdCSharp/Projects/BlazorUI/samples/CdCSharp.BlazorUI.AppTest.Wasm/CdCSharp.BlazorUI.AppTest.Wasm.csproj" Id="0fdf0470-1472-4082-98f6-08ce7101e926" />
  </Folder>
  <Folder Name="/test/">
    <Project Path="V:/Work/CdCSharp/Projects/BlazorUI/test/CdCSharp.BlazorUI.SyntaxHighlight.Tests/CdCSharp.BlazorUI.SyntaxHighlight.Tests.csproj" Id="15dbd024-6662-408e-a091-75d50b191b54" />
    <Project Path="V:/Work/CdCSharp/Projects/BlazorUI/test/CdCSharp.BlazorUI.Tests.Integration.Templates/CdCSharp.BlazorUI.Tests.Integration.Templates.csproj" Id="5dc784c4-634b-4043-b718-1fd61d48d14b" />
    <Project Path="V:/Work/CdCSharp/Projects/BlazorUI/test/CdCSharp.BlazorUI.Tests.Integration/CdCSharp.BlazorUI.Tests.Integration.csproj" Id="adba42f4-5632-4ee9-8656-917fa72c6c0a" />
  </Folder>
  <Folder Name="/tools/">
    <Project Path="V:/Work/CdCSharp/Projects/BlazorUI/tools/CdCSharp.BlazorUI.Tools.MaterialIconsScrapper/CdCSharp.BlazorUI.Tools.MaterialIconsScrapper.csproj" Id="73368505-fddd-4ba4-8b73-723fccc1eec5" />
  </Folder>
  <Folder Name="/_publish/">
    <File Path=".github/workflows/publish.yml" />
    <File Path=".gitignore" />
  </Folder>
  <Project Path="V:/Work/CdCSharp/Projects/BlazorUI/src/CdCSharp.BlazorUI.BuildTools/CdCSharp.BlazorUI.BuildTools.csproj" Id="a67069d5-56c2-49fa-adec-656079117b53" />
  <Project Path="V:/Work/CdCSharp/Projects/BlazorUI/src/CdCSharp.BlazorUI.Core.CodeGeneration/CdCSharp.BlazorUI.Core.CodeGeneration.csproj" Id="6ba20f9a-6292-42d8-a0d8-b45440bef1ea" />
  <Project Path="V:/Work/CdCSharp/Projects/BlazorUI/src/CdCSharp.BlazorUI.Core/CdCSharp.BlazorUI.Core.csproj" Id="4d42e187-5c5c-441e-a3bf-59ecb330e6e6" />
  <Project Path="V:/Work/CdCSharp/Projects/BlazorUI/src/CdCSharp.BlazorUI.Localization.Server/CdCSharp.BlazorUI.Localization.Server.csproj" Id="cc099920-bfe2-4cbb-ad43-85f57c86d3a4" />
  <Project Path="V:/Work/CdCSharp/Projects/BlazorUI/src/CdCSharp.BlazorUI.Localization.Wasm/CdCSharp.BlazorUI.Localization.Wasm.csproj" Id="7203c218-f90d-4664-8e5f-d21641df712e" />
  <Project Path="V:/Work/CdCSharp/Projects/BlazorUI/src/CdCSharp.BlazorUI.SyntaxHighlight/CdCSharp.BlazorUI.SyntaxHighlight.csproj" Id="93e5c0b8-4936-420e-8549-56b3f8260af0" />
  <Project Path="V:/Work/CdCSharp/Projects/BlazorUI/src/CdCSharp.BlazorUI/CdCSharp.BlazorUI.csproj" />
</Solution>
